
Microsoft Visual Studio Solution File, Format Version 12.00
# Visual Studio Version 17
VisualStudioVersion = 17.9.34616.47
MinimumVisualStudioVersion = 10.0.40219.1
Project("{8BC9CEB8-8B4A-11D0-8D11-00A0C91BC942}") = "activitystruct_0238", "activitystruct_0238.vcxproj", "{F8F06868-9F44-434E-A78E-13B73074D434}"
EndProject
Project("{8BC9CEB8-8B4A-11D0-8D11-00A0C91BC942}") = "activitystruct2_0238", "activitystruct2_0238\activitystruct2_0238.vcxproj", "{2BE043F7-09F2-48A2-9E94-D0B3A603367E}"
EndProject
Project("{8BC9CEB8-8B4A-11D0-8D11-00A0C91BC942}") = "activitystruct3_0238", "activitystruct3_0238\activitystruct3_0238.vcxproj", "{E36C585E-1C1C-451A-B684-AC3C3199DC94}"
EndProject
Project("{8BC9CEB8-8B4A-11D0-8D11-00A0C91BC942}") = "activitystruct4_238", "activitystruct4_238\activitystruct4_238.vcxproj", "{D0F9358D-FE46-4118-9428-B9F9DD342006}"
EndProject
Global
	GlobalSection(SolutionConfigurationPlatforms) = preSolution
		Debug|x64 = Debug|x64
		Debug|x86 = Debug|x86
		Release|x64 = Release|x64
		Release|x86 = Release|x86
	EndGlobalSection
	GlobalSection(ProjectConfigurationPlatforms) = postSolution
		{F8F06868-9F44-434E-A78E-13B73074D434}.Debug|x64.ActiveCfg = Debug|x64
		{F8F06868-9F44-434E-A78E-13B73074D434}.Debug|x64.Build.0 = Debug|x64
		{F8F06868-9F44-434E-A78E-13B73074D434}.Debug|x86.ActiveCfg = Debug|Win32
		{F8F06868-9F44-434E-A78E-13B73074D434}.Debug|x86.Build.0 = Debug|Win32
		{F8F06868-9F44-434E-A78E-13B73074D434}.Release|x64.ActiveCfg = Release|x64
		{F8F06868-9F44-434E-A78E-13B73074D434}.Release|x64.Build.0 = Release|x64
		{F8F06868-9F44-434E-A78E-13B73074D434}.Release|x86.ActiveCfg = Release|Win32
		{F8F06868-9F44-434E-A78E-13B73074D434}.Release|x86.Build.0 = Release|Win32
		{2BE043F7-09F2-48A2-9E94-D0B3A603367E}.Debug|x64.ActiveCfg = Debug|x64
		{2BE043F7-09F2-48A2-9E94-D0B3A603367E}.Debug|x64.Build.0 = Debug|x64
		{2BE043F7-09F2-48A2-9E94-D0B3A603367E}.Debug|x86.ActiveCfg = Debug|Win32
		{2BE043F7-09F2-48A2-9E94-D0B3A603367E}.Debug|x86.Build.0 = Debug|Win32
		{2BE043F7-09F2-48A2-9E94-D0B3A603367E}.Release|x64.ActiveCfg = Release|x64
		{2BE043F7-09F2-48A2-9E94-D0B3A603367E}.Release|x64.Build.0 = Release|x64
		{2BE043F7-09F2-48A2-9E94-D0B3A603367E}.Release|x86.ActiveCfg = Release|Win32
		{2BE043F7-09F2-48A2-9E94-D0B3A603367E}.Release|x86.Build.0 = Release|Win32
		{E36C585E-1C1C-451A-B684-AC3C3199DC94}.Debug|x64.ActiveCfg = Debug|x64
		{E36C585E-1C1C-451A-B684-AC3C3199DC94}.Debug|x64.Build.0 = Debug|x64
		{E36C585E-1C1C-451A-B684-AC3C3199DC94}.Debug|x86.ActiveCfg = Debug|Win32
		{E36C585E-1C1C-451A-B684-AC3C3199DC94}.Debug|x86.Build.0 = Debug|Win32
		{E36C585E-1C1C-451A-B684-AC3C3199DC94}.Release|x64.ActiveCfg = Release|x64
		{E36C585E-1C1C-451A-B684-AC3C3199DC94}.Release|x64.Build.0 = Release|x64
		{E36C585E-1C1C-451A-B684-AC3C3199DC94}.Release|x86.ActiveCfg = Release|Win32
		{E36C585E-1C1C-451A-B684-AC3C3199DC94}.Release|x86.Build.0 = Release|Win32
		{D0F9358D-FE46-4118-9428-B9F9DD342006}.Debug|x64.ActiveCfg = Debug|x64
		{D0F9358D-FE46-4118-9428-B9F9DD342006}.Debug|x64.Build.0 = Debug|x64
		{D0F9358D-FE46-4118-9428-B9F9DD342006}.Debug|x86.ActiveCfg = Debug|Win32
		{D0F9358D-FE46-4118-9428-B9F9DD342006}.Debug|x86.Build.0 = Debug|Win32
		{D0F9358D-FE46-4118-9428-B9F9DD342006}.Release|x64.ActiveCfg = Release|x64
		{D0F9358D-FE46-4118-9428-B9F9DD342006}.Release|x64.Build.0 = Release|x64
		{D0F9358D-FE46-4118-9428-B9F9DD342006}.Release|x86.ActiveCfg = Release|Win32
		{D0F9358D-FE46-4118-9428-B9F9DD342006}.Release|x86.Build.0 = Release|Win32
	EndGlobalSection
	GlobalSection(SolutionProperties) = preSolution
		HideSolutionNode = FALSE
	EndGlobalSection
	GlobalSection(ExtensibilityGlobals) = postSolution
		SolutionGuid = {CB2240D6-4112-459B-AAD1-BDC4DEAB13EE}
	EndGlobalSection
EndGlobal
